
Microsoft Visual Studio Solution File, Format Version 12.00
# Visual Studio 15
VisualStudioVersion = 15.0.27703.2035
MinimumVisualStudioVersion = 10.0.40219.1
Project("{FAE04EC0-301F-11D3-BF4B-00C04F79EFBC}") = "SBGConfig", "SBGConfig\SBGConfig.csproj", "{3336D084-D5C7-4CA2-A33F-D4393BFA4B4E}"
EndProject
Project("{FAE04EC0-301F-11D3-BF4B-00C04F79EFBC}") = "SBGTimer", "SBGTimer\SBGTimer.csproj", "{19472336-2487-4212-A7EE-E92719696776}"
EndProject
Project("{FAE04EC0-301F-11D3-BF4B-00C04F79EFBC}") = "SBGCore-demo", "SBGCore-demo\SBGCore-demo.csproj", "{82D86C40-707B-42B7-B7E0-B102FCD8ECB8}"
EndProject
Project("{FAE04EC0-301F-11D3-BF4B-00C04F79EFBC}") = "Core", "SBGCore\Core.csproj", "{DEABB96B-35B9-4F5E-80B7-EA978E357642}"
EndProject
Project("{7CF6DF6D-3B04-46F8-A40B-537D21BCA0B4}") = "CoreDocumentation", "CoreDocumentation\CoreDocumentation.shfbproj", "{EC96493A-6087-4D59-9379-7061FAE9FFDB}"
EndProject
Global
	GlobalSection(SolutionConfigurationPlatforms) = preSolution
		Debug|Any CPU = Debug|Any CPU
		Debug|x64 = Debug|x64
		Debug|x86 = Debug|x86
		Release|Any CPU = Release|Any CPU
		Release|x64 = Release|x64
		Release|x86 = Release|x86
	EndGlobalSection
	GlobalSection(ProjectConfigurationPlatforms) = postSolution
		{3336D084-D5C7-4CA2-A33F-D4393BFA4B4E}.Debug|Any CPU.ActiveCfg = Debug|Any CPU
		{3336D084-D5C7-4CA2-A33F-D4393BFA4B4E}.Debug|Any CPU.Build.0 = Debug|Any CPU
		{3336D084-D5C7-4CA2-A33F-D4393BFA4B4E}.Debug|x64.ActiveCfg = Debug|x64
		{3336D084-D5C7-4CA2-A33F-D4393BFA4B4E}.Debug|x64.Build.0 = Debug|x64
		{3336D084-D5C7-4CA2-A33F-D4393BFA4B4E}.Debug|x86.ActiveCfg = Debug|x86
		{3336D084-D5C7-4CA2-A33F-D4393BFA4B4E}.Debug|x86.Build.0 = Debug|x86
		{3336D084-D5C7-4CA2-A33F-D4393BFA4B4E}.Release|Any CPU.ActiveCfg = Release|Any CPU
		{3336D084-D5C7-4CA2-A33F-D4393BFA4B4E}.Release|Any CPU.Build.0 = Release|Any CPU
		{3336D084-D5C7-4CA2-A33F-D4393BFA4B4E}.Release|x64.ActiveCfg = Release|x64
		{3336D084-D5C7-4CA2-A33F-D4393BFA4B4E}.Release|x64.Build.0 = Release|x64
		{3336D084-D5C7-4CA2-A33F-D4393BFA4B4E}.Release|x86.ActiveCfg = Release|x86
		{3336D084-D5C7-4CA2-A33F-D4393BFA4B4E}.Release|x86.Build.0 = Release|x86
		{19472336-2487-4212-A7EE-E92719696776}.Debug|Any CPU.ActiveCfg = Debug|Any CPU
		{19472336-2487-4212-A7EE-E92719696776}.Debug|Any CPU.Build.0 = Debug|Any CPU
		{19472336-2487-4212-A7EE-E92719696776}.Debug|x64.ActiveCfg = Debug|x64
		{19472336-2487-4212-A7EE-E92719696776}.Debug|x64.Build.0 = Debug|x64
		{19472336-2487-4212-A7EE-E92719696776}.Debug|x86.ActiveCfg = Debug|x86
		{19472336-2487-4212-A7EE-E92719696776}.Debug|x86.Build.0 = Debug|x86
		{19472336-2487-4212-A7EE-E92719696776}.Release|Any CPU.ActiveCfg = Release|Any CPU
		{19472336-2487-4212-A7EE-E92719696776}.Release|Any CPU.Build.0 = Release|Any CPU
		{19472336-2487-4212-A7EE-E92719696776}.Release|x64.ActiveCfg = Release|x64
		{19472336-2487-4212-A7EE-E92719696776}.Release|x64.Build.0 = Release|x64
		{19472336-2487-4212-A7EE-E92719696776}.Release|x86.ActiveCfg = Release|x86
		{19472336-2487-4212-A7EE-E92719696776}.Release|x86.Build.0 = Release|x86
		{82D86C40-707B-42B7-B7E0-B102FCD8ECB8}.Debug|Any CPU.ActiveCfg = Debug|Any CPU
		{82D86C40-707B-42B7-B7E0-B102FCD8ECB8}.Debug|Any CPU.Build.0 = Debug|Any CPU
		{82D86C40-707B-42B7-B7E0-B102FCD8ECB8}.Debug|x64.ActiveCfg = Debug|x64
		{82D86C40-707B-42B7-B7E0-B102FCD8ECB8}.Debug|x64.Build.0 = Debug|x64
		{82D86C40-707B-42B7-B7E0-B102FCD8ECB8}.Debug|x86.ActiveCfg = Debug|x86
		{82D86C40-707B-42B7-B7E0-B102FCD8ECB8}.Debug|x86.Build.0 = Debug|x86
		{82D86C40-707B-42B7-B7E0-B102FCD8ECB8}.Release|Any CPU.ActiveCfg = Release|Any CPU
		{82D86C40-707B-42B7-B7E0-B102FCD8ECB8}.Release|x64.ActiveCfg = Release|x64
		{82D86C40-707B-42B7-B7E0-B102FCD8ECB8}.Release|x86.ActiveCfg = Release|x86
		{DEABB96B-35B9-4F5E-80B7-EA978E357642}.Debug|Any CPU.ActiveCfg = Debug|Any CPU
		{DEABB96B-35B9-4F5E-80B7-EA978E357642}.Debug|Any CPU.Build.0 = Debug|Any CPU
		{DEABB96B-35B9-4F5E-80B7-EA978E357642}.Debug|x64.ActiveCfg = Debug|x64
		{DEABB96B-35B9-4F5E-80B7-EA978E357642}.Debug|x64.Build.0 = Debug|x64
		{DEABB96B-35B9-4F5E-80B7-EA978E357642}.Debug|x86.ActiveCfg = Debug|x86
		{DEABB96B-35B9-4F5E-80B7-EA978E357642}.Debug|x86.Build.0 = Debug|x86
		{DEABB96B-35B9-4F5E-80B7-EA978E357642}.Release|Any CPU.ActiveCfg = Release|Any CPU
		{DEABB96B-35B9-4F5E-80B7-EA978E357642}.Release|Any CPU.Build.0 = Release|Any CPU
		{DEABB96B-35B9-4F5E-80B7-EA978E357642}.Release|x64.ActiveCfg = Release|x64
		{DEABB96B-35B9-4F5E-80B7-EA978E357642}.Release|x64.Build.0 = Release|x64
		{DEABB96B-35B9-4F5E-80B7-EA978E357642}.Release|x86.ActiveCfg = Release|x86
		{DEABB96B-35B9-4F5E-80B7-EA978E357642}.Release|x86.Build.0 = Release|x86
		{EC96493A-6087-4D59-9379-7061FAE9FFDB}.Debug|Any CPU.ActiveCfg = Debug|Any CPU
		{EC96493A-6087-4D59-9379-7061FAE9FFDB}.Debug|Any CPU.Build.0 = Debug|Any CPU
		{EC96493A-6087-4D59-9379-7061FAE9FFDB}.Debug|x64.ActiveCfg = Debug|Any CPU
		{EC96493A-6087-4D59-9379-7061FAE9FFDB}.Debug|x64.Build.0 = Debug|Any CPU
		{EC96493A-6087-4D59-9379-7061FAE9FFDB}.Debug|x86.ActiveCfg = Debug|Any CPU
		{EC96493A-6087-4D59-9379-7061FAE9FFDB}.Debug|x86.Build.0 = Debug|Any CPU
		{EC96493A-6087-4D59-9379-7061FAE9FFDB}.Release|Any CPU.ActiveCfg = Release|Any CPU
		{EC96493A-6087-4D59-9379-7061FAE9FFDB}.Release|x64.ActiveCfg = Release|Any CPU
		{EC96493A-6087-4D59-9379-7061FAE9FFDB}.Release|x86.ActiveCfg = Release|Any CPU
	EndGlobalSection
	GlobalSection(SolutionProperties) = preSolution
		HideSolutionNode = FALSE
	EndGlobalSection
	GlobalSection(ExtensibilityGlobals) = postSolution
		SolutionGuid = {179F2CBC-64C8-40F3-B616-D9F3DA241195}
	EndGlobalSection
EndGlobal
